PODS:
  - barcode_scan2 (0.0.1):
    - Flutter
    - MTBBarcodeScanner
    - SwiftProtobuf
  - device_info (0.0.1):
    - Flutter
  - Flutter (1.0.0)
  - flutter_inappwebview (0.0.1):
    - Flutter
    - flutter_inappwebview/Core (= 0.0.1)
    - OrderedSet (~> 5.0)
  - flutter_inappwebview/Core (0.0.1):
    - Flutter
    - OrderedSet (~> 5.0)
  - flutter_qr_bar_scanner (3.0.1):
    - Flutter
    - GoogleMLKit/BarcodeScanning
  - flutter_udid (0.0.1):
    - Flutter
    - SAMKeychain
  - fluttertoast (0.0.2):
    - Flutter
    - Toast
  - FMDB (2.7.5):
    - FMDB/standard (= 2.7.5)
  - FMDB/standard (2.7.5)
  - geocoding_ios (1.0.5):
    - Flutter
  - geolocator_apple (1.2.0):
    - Flutter
  - google_maps_flutter_ios (0.0.1):
    - Flutter
    - GoogleMaps (< 8.0)
  - GoogleDataTransport (9.2.3):
    - GoogleUtilities/Environment (~> 7.7)
    - nanopb (< 2.30910.0, >= 2.30908.0)
    - PromisesObjC (< 3.0, >= 1.2)
  - GoogleMaps (5.2.0):
    - GoogleMaps/Maps (= 5.2.0)
  - GoogleMaps/Base (5.2.0)
  - GoogleMaps/Maps (5.2.0):
    - GoogleMaps/Base
  - GoogleMLKit/BarcodeScanning (4.0.0):
    - GoogleMLKit/MLKitCore
    - MLKitBarcodeScanning (~> 3.0.0)
  - GoogleMLKit/MLKitCore (4.0.0):
    - MLKitCommon (~> 9.0.0)
  - GoogleToolboxForMac/DebugUtils (2.3.2):
    - GoogleToolboxForMac/Defines (= 2.3.2)
  - GoogleToolboxForMac/Defines (2.3.2)
  - GoogleToolboxForMac/Logger (2.3.2):
    - GoogleToolboxForMac/Defines (= 2.3.2)
  - "GoogleToolboxForMac/NSData+zlib (2.3.2)":
    - GoogleToolboxForMac/Defines (= 2.3.2)
  - "GoogleToolboxForMac/NSDictionary+URLArguments (2.3.2)":
    - GoogleToolboxForMac/DebugUtils (= 2.3.2)
    - GoogleToolboxForMac/Defines (= 2.3.2)
    - "GoogleToolboxForMac/NSString+URLArguments (= 2.3.2)"
  - "GoogleToolboxForMac/NSString+URLArguments (2.3.2)"
  - GoogleUtilities/Environment (7.11.1):
    - PromisesObjC (< 3.0, >= 1.2)
  - GoogleUtilities/Logger (7.11.1):
    - GoogleUtilities/Environment
  - GoogleUtilities/UserDefaults (7.11.1):
    - GoogleUtilities/Logger
  - GoogleUtilitiesComponents (1.1.0):
    - GoogleUtilities/Logger
  - GTMSessionFetcher/Core (2.3.0)
  - image_picker_ios (0.0.1):
    - Flutter
  - kiosk_mode (0.0.1):
    - Flutter
  - MLImage (1.0.0-beta4)
  - MLKitBarcodeScanning (3.0.0):
    - MLKitCommon (~> 9.0)
    - MLKitVision (~> 5.0)
  - MLKitCommon (9.0.0):
    - GoogleDataTransport (~> 9.0)
    - GoogleToolboxForMac/Logger (~> 2.1)
    - "GoogleToolboxForMac/NSData+zlib (~> 2.1)"
    - "GoogleToolboxForMac/NSDictionary+URLArguments (~> 2.1)"
    - GoogleUtilities/UserDefaults (~> 7.0)
    - GoogleUtilitiesComponents (~> 1.0)
    - GTMSessionFetcher/Core (< 3.0, >= 1.1)
  - MLKitVision (5.0.0):
    - GoogleToolboxForMac/Logger (~> 2.1)
    - "GoogleToolboxForMac/NSData+zlib (~> 2.1)"
    - GTMSessionFetcher/Core (< 3.0, >= 1.1)
    - MLImage (= 1.0.0-beta4)
    - MLKitCommon (~> 9.0)
  - MTBBarcodeScanner (5.0.11)
  - nanopb (2.30909.0):
    - nanopb/decode (= 2.30909.0)
    - nanopb/encode (= 2.30909.0)
  - nanopb/decode (2.30909.0)
  - nanopb/encode (2.30909.0)
  - native_device_orientation (0.0.1):
    - Flutter
  - OrderedSet (5.0.0)
  - package_info_plus (0.4.5):
    - Flutter
  - path_provider_foundation (0.0.1):
    - Flutter
    - FlutterMacOS
  - permission_handler_apple (9.1.1):
    - Flutter
  - PromisesObjC (2.2.0)
  - qr_code_scanner (0.2.0):
    - Flutter
    - MTBBarcodeScanner
  - razorpay-pod (1.3.3)
  - razorpay_flutter (1.1.10):
    - Flutter
    - razorpay-pod
  - RXPiOS (1.7.3)
  - SAMKeychain (1.5.3)
  - shared_preferences_foundation (0.0.1):
    - Flutter
    - FlutterMacOS
  - smart_auth (0.0.1):
    - Flutter
  - sqflite (0.0.3):
    - Flutter
    - FMDB (>= 2.7.5)
  - SwiftProtobuf (1.22.0)
  - Toast (4.0.0)
  - video_player_avfoundation (0.0.1):
    - Flutter
    - FlutterMacOS
  - webview_flutter_wkwebview (0.0.1):
    - Flutter

DEPENDENCIES:
  - barcode_scan2 (from `.symlinks/plugins/barcode_scan2/ios`)
  - device_info (from `.symlinks/plugins/device_info/ios`)
  - Flutter (from `Flutter`)
  - flutter_inappwebview (from `.symlinks/plugins/flutter_inappwebview/ios`)
  - flutter_qr_bar_scanner (from `.symlinks/plugins/flutter_qr_bar_scanner/ios`)
  - flutter_udid (from `.symlinks/plugins/flutter_udid/ios`)
  - fluttertoast (from `.symlinks/plugins/fluttertoast/ios`)
  - geocoding_ios (from `.symlinks/plugins/geocoding_ios/ios`)
  - geolocator_apple (from `.symlinks/plugins/geolocator_apple/ios`)
  - google_maps_flutter_ios (from `.symlinks/plugins/google_maps_flutter_ios/ios`)
  - image_picker_ios (from `.symlinks/plugins/image_picker_ios/ios`)
  - kiosk_mode (from `.symlinks/plugins/kiosk_mode/ios`)
  - native_device_orientation (from `.symlinks/plugins/native_device_orientation/ios`)
  - package_info_plus (from `.symlinks/plugins/package_info_plus/ios`)
  - path_provider_foundation (from `.symlinks/plugins/path_provider_foundation/darwin`)
  - permission_handler_apple (from `.symlinks/plugins/permission_handler_apple/ios`)
  - qr_code_scanner (from `.symlinks/plugins/qr_code_scanner/ios`)
  - razorpay_flutter (from `.symlinks/plugins/razorpay_flutter/ios`)
  - RXPiOS
  - shared_preferences_foundation (from `.symlinks/plugins/shared_preferences_foundation/darwin`)
  - smart_auth (from `.symlinks/plugins/smart_auth/ios`)
  - sqflite (from `.symlinks/plugins/sqflite/ios`)
  - video_player_avfoundation (from `.symlinks/plugins/video_player_avfoundation/darwin`)
  - webview_flutter_wkwebview (from `.symlinks/plugins/webview_flutter_wkwebview/ios`)

SPEC REPOS:
  trunk:
    - FMDB
    - GoogleDataTransport
    - GoogleMaps
    - GoogleMLKit
    - GoogleToolboxForMac
    - GoogleUtilities
    - GoogleUtilitiesComponents
    - GTMSessionFetcher
    - MLImage
    - MLKitBarcodeScanning
    - MLKitCommon
    - MLKitVision
    - MTBBarcodeScanner
    - nanopb
    - OrderedSet
    - PromisesObjC
    - razorpay-pod
    - RXPiOS
    - SAMKeychain
    - SwiftProtobuf
    - Toast

EXTERNAL SOURCES:
  barcode_scan2:
    :path: ".symlinks/plugins/barcode_scan2/ios"
  device_info:
    :path: ".symlinks/plugins/device_info/ios"
  Flutter:
    :path: Flutter
  flutter_inappwebview:
    :path: ".symlinks/plugins/flutter_inappwebview/ios"
  flutter_qr_bar_scanner:
    :path: ".symlinks/plugins/flutter_qr_bar_scanner/ios"
  flutter_udid:
    :path: ".symlinks/plugins/flutter_udid/ios"
  fluttertoast:
    :path: ".symlinks/plugins/fluttertoast/ios"
  geocoding_ios:
    :path: ".symlinks/plugins/geocoding_ios/ios"
  geolocator_apple:
    :path: ".symlinks/plugins/geolocator_apple/ios"
  google_maps_flutter_ios:
    :path: ".symlinks/plugins/google_maps_flutter_ios/ios"
  image_picker_ios:
    :path: ".symlinks/plugins/image_picker_ios/ios"
  kiosk_mode:
    :path: ".symlinks/plugins/kiosk_mode/ios"
  native_device_orientation:
    :path: ".symlinks/plugins/native_device_orientation/ios"
  package_info_plus:
    :path: ".symlinks/plugins/package_info_plus/ios"
  path_provider_foundation:
    :path: ".symlinks/plugins/path_provider_foundation/darwin"
  permission_handler_apple:
    :path: ".symlinks/plugins/permission_handler_apple/ios"
  qr_code_scanner:
    :path: ".symlinks/plugins/qr_code_scanner/ios"
  razorpay_flutter:
    :path: ".symlinks/plugins/razorpay_flutter/ios"
  shared_preferences_foundation:
    :path: ".symlinks/plugins/shared_preferences_foundation/darwin"
  smart_auth:
    :path: ".symlinks/plugins/smart_auth/ios"
  sqflite:
    :path: ".symlinks/plugins/sqflite/ios"
  video_player_avfoundation:
    :path: ".symlinks/plugins/video_player_avfoundation/darwin"
  webview_flutter_wkwebview:
    :path: ".symlinks/plugins/webview_flutter_wkwebview/ios"

SPEC CHECKSUMS:
  barcode_scan2: 0af2bb63c81b4565aab6cd78278e4c0fa136dbb0
  device_info: d7d233b645a32c40dfdc212de5cf646ca482f175
  Flutter: f04841e97a9d0b0a8025694d0796dd46242b2854
  flutter_inappwebview: 3d32228f1304635e7c028b0d4252937730bbc6cf
  flutter_qr_bar_scanner: a8ea0a239f5386122a8ce8ce8d2b9ea574f798e7
  flutter_udid: 0848809dbed4c055175747ae6a45a8b4f6771e1c
  fluttertoast: fafc4fa4d01a6a9e4f772ecd190ffa525e9e2d9c
  FMDB: 2ce00b547f966261cd18927a3ddb07cb6f3db82a
  geocoding_ios: a389ea40f6f548de6e63006a2e31bf66ff80769a
  geolocator_apple: cc556e6844d508c95df1e87e3ea6fa4e58c50401
  google_maps_flutter_ios: abdac20d6ce8931f6ebc5f46616df241bfaa2cfd
  GoogleDataTransport: f0308f5905a745f94fb91fea9c6cbaf3831cb1bd
  GoogleMaps: 025272d5876d3b32604e5c080dc25eaf68764693
  GoogleMLKit: 2bd0dc6253c4d4f227aad460f69215a504b2980e
  GoogleToolboxForMac: 8bef7c7c5cf7291c687cf5354f39f9db6399ad34
  GoogleUtilities: 9aa0ad5a7bc171f8bae016300bfcfa3fb8425749
  GoogleUtilitiesComponents: 679b2c881db3b615a2777504623df6122dd20afe
  GTMSessionFetcher: 3a63d75eecd6aa32c2fc79f578064e1214dfdec2
  image_picker_ios: 4a8aadfbb6dc30ad5141a2ce3832af9214a705b5
  kiosk_mode: 29a54598be6081da927a5eb6949c0ccac7e01de4
  MLImage: 7bb7c4264164ade9bf64f679b40fb29c8f33ee9b
  MLKitBarcodeScanning: 04e264482c5f3810cb89ebc134ef6b61e67db505
  MLKitCommon: c1b791c3e667091918d91bda4bba69a91011e390
  MLKitVision: 8baa5f46ee3352614169b85250574fde38c36f49
  MTBBarcodeScanner: f453b33c4b7dfe545d8c6484ed744d55671788cb
  nanopb: b552cce312b6c8484180ef47159bc0f65a1f0431
  native_device_orientation: 3b4cfc9565a7b879cc4fde282b3e27745e852d0d
  OrderedSet: aaeb196f7fef5a9edf55d89760da9176ad40b93c
  package_info_plus: 115f4ad11e0698c8c1c5d8a689390df880f47e85
  path_provider_foundation: 29f094ae23ebbca9d3d0cec13889cd9060c0e943
  permission_handler_apple: e76247795d700c14ea09e3a2d8855d41ee80a2e6
  PromisesObjC: 09985d6d70fbe7878040aa746d78236e6946d2ef
  qr_code_scanner: bb67d64904c3b9658ada8c402e8b4d406d5d796e
  razorpay-pod: a0a0de741488584dcc9513b9c3999bbb08d4e95d
  razorpay_flutter: 84b3bfd206ae9c9c2a9ba585524a1b3d8102b6c1
  RXPiOS: cda702a2d2ec5d4452c770c7638cf5d327dfbc11
  SAMKeychain: 483e1c9f32984d50ca961e26818a534283b4cd5c
  shared_preferences_foundation: 5b919d13b803cadd15ed2dc053125c68730e5126
  smart_auth: 4bedbc118723912d0e45a07e8ab34039c19e04f2
  sqflite: 31f7eba61e3074736dff8807a9b41581e4f7f15a
  SwiftProtobuf: 40bd808372cb8706108f22d28f8ab4a6b9bc6989
  Toast: 91b396c56ee72a5790816f40d3a94dd357abc196
  video_player_avfoundation: 8563f13d8fc8b2c29dc2d09e60b660e4e8128837
  webview_flutter_wkwebview: 2e2d318f21a5e036e2c3f26171342e95908bd60a

PODFILE CHECKSUM: acdb41d1b25ed752c089c82afa1f0492e4c8762b

COCOAPODS: 1.11.2
